
Microsoft Visual Studio Solution File, Format Version 12.00
# Visual Studio 15
VisualStudioVersion = 15.0.27703.2035
MinimumVisualStudioVersion = 10.0.40219.1
Project("{9A19103F-16F7-4668-BE54-9A1E7A4F7556}") = "SignalR Client", "SignalR Client\SignalR Client.csproj", "{44224702-1E0B-411F-8040-5FA778B1CC2E}"
EndProject
Project("{9A19103F-16F7-4668-BE54-9A1E7A4F7556}") = "SignalR Server", "SignalR Server\SignalR Server.csproj", "{C3A80BF9-B10F-4F93-8579-88E961F7379A}"
EndProject
Global
	GlobalSection(SolutionConfigurationPlatforms) = preSolution
		Debug|Any CPU = Debug|Any CPU
		Release|Any CPU = Release|Any CPU
	EndGlobalSection
	GlobalSection(ProjectConfigurationPlatforms) = postSolution
		{44224702-1E0B-411F-8040-5FA778B1CC2E}.Debug|Any CPU.ActiveCfg = Debug|Any CPU
		{44224702-1E0B-411F-8040-5FA778B1CC2E}.Debug|Any CPU.Build.0 = Debug|Any CPU
		{44224702-1E0B-411F-8040-5FA778B1CC2E}.Release|Any CPU.ActiveCfg = Release|Any CPU
		{44224702-1E0B-411F-8040-5FA778B1CC2E}.Release|Any CPU.Build.0 = Release|Any CPU
		{C3A80BF9-B10F-4F93-8579-88E961F7379A}.Debug|Any CPU.ActiveCfg = Debug|Any CPU
		{C3A80BF9-B10F-4F93-8579-88E961F7379A}.Debug|Any CPU.Build.0 = Debug|Any CPU
		{C3A80BF9-B10F-4F93-8579-88E961F7379A}.Release|Any CPU.ActiveCfg = Release|Any CPU
		{C3A80BF9-B10F-4F93-8579-88E961F7379A}.Release|Any CPU.Build.0 = Release|Any CPU
	EndGlobalSection
	GlobalSection(SolutionProperties) = preSolution
		HideSolutionNode = FALSE
	EndGlobalSection
	GlobalSection(ExtensibilityGlobals) = postSolution
		SolutionGuid = {2AC39375-E7CA-4DA0-B07C-DC51FC5B9290}
	EndGlobalSection
EndGlobal
